
Microsoft Visual Studio Solution File, Format Version 12.00
# Visual Studio Version 16
VisualStudioVersion = 16.0.31702.278
MinimumVisualStudioVersion = 10.0.40219.1
Project("{FAE04EC0-301F-11D3-BF4B-00C04F79EFBC}") = "Calculator", "Calculator\Calculator.csproj", "{52B5178A-0364-46B0-BF91-ED9F17973F4D}"
EndProject
Project("{FAE04EC0-301F-11D3-BF4B-00C04F79EFBC}") = "Calculator.Tests", "Calculator.Tests\Calculator.Tests.csproj", "{DBAC582E-03E1-4396-871A-A40D65847417}"
EndProject
Global
	GlobalSection(SolutionConfigurationPlatforms) = preSolution
		Debug|Any CPU = Debug|Any CPU
		Release|Any CPU = Release|Any CPU
	EndGlobalSection
	GlobalSection(ProjectConfigurationPlatforms) = postSolution
		{52B5178A-0364-46B0-BF91-ED9F17973F4D}.Debug|Any CPU.ActiveCfg = Debug|Any CPU
		{52B5178A-0364-46B0-BF91-ED9F17973F4D}.Debug|Any CPU.Build.0 = Debug|Any CPU
		{52B5178A-0364-46B0-BF91-ED9F17973F4D}.Release|Any CPU.ActiveCfg = Release|Any CPU
		{52B5178A-0364-46B0-BF91-ED9F17973F4D}.Release|Any CPU.Build.0 = Release|Any CPU
		{DBAC582E-03E1-4396-871A-A40D65847417}.Debug|Any CPU.ActiveCfg = Debug|Any CPU
		{DBAC582E-03E1-4396-871A-A40D65847417}.Debug|Any CPU.Build.0 = Debug|Any CPU
		{DBAC582E-03E1-4396-871A-A40D65847417}.Release|Any CPU.ActiveCfg = Release|Any CPU
		{DBAC582E-03E1-4396-871A-A40D65847417}.Release|Any CPU.Build.0 = Release|Any CPU
	EndGlobalSection
	GlobalSection(SolutionProperties) = preSolution
		HideSolutionNode = FALSE
	EndGlobalSection
	GlobalSection(ExtensibilityGlobals) = postSolution
		SolutionGuid = {5D8EB6A6-52A1-4C3F-8109-54459CF0FA37}
	EndGlobalSection
EndGlobal
